dependencies:
- name: common
  repository: https://charts.bitnami.com/bitnami
  version: 1.3.9
- name: postgresql
  repository: https://charts.bitnami.com/bitnami
  version: 10.2.7
- name: rabbitmq
  repository: https://charts.bitnami.com/bitnami
  version: 8.9.2
- name: rabbitmq
  repository: https://charts.bitnami.com/bitnami
  version: 8.9.2
digest: sha256:8f6dfa3805b27b34d025fe76bbc56210089f89685a659ceff26c5802dca39ab1
generated: "2021-02-10T09:47:58.849927716Z"
