dependencies:
- name: postgresql
  repository: https://charts.bitnami.com/bitnami
  version: 9.1.1
- name: rabbitmq
  repository: https://charts.bitnami.com/bitnami
  version: 7.5.6
- name: redis
  repository: https://charts.bitnami.com/bitnami
  version: 10.7.11
digest: sha256:6946bb40b93501bcf45e0b8420dbc1ac7aae509d1adbbc7aa675de6339ea0509
generated: "2020-07-23T11:35:45.043362546+01:00"
